Microsoft Visual Studio Solution File, Format Version 8.00
Project("{FAE04EC0-301F-11D3-BF4B-00C04F79EFBC}") = "BrahmiLipi", "BrahmiLipi.csproj", "{E39909C7-314C-4F94-AF31-6FB0D6C5D68F}"
	ProjectSection(ProjectDependencies) = postProject
	EndProjectSection
EndProject
Global
	GlobalSection(SolutionConfiguration) = preSolution
		Debug = Debug
		Release = Release
	EndGlobalSection
	GlobalSection(ProjectConfiguration) = postSolution
		{E39909C7-314C-4F94-AF31-6FB0D6C5D68F}.Debug.ActiveCfg = Debug|.NET
		{E39909C7-314C-4F94-AF31-6FB0D6C5D68F}.Debug.Build.0 = Debug|.NET
		{E39909C7-314C-4F94-AF31-6FB0D6C5D68F}.Release.ActiveCfg = Release|.NET
		{E39909C7-314C-4F94-AF31-6FB0D6C5D68F}.Release.Build.0 = Release|.NET
	EndGlobalSection
	GlobalSection(ExtensibilityGlobals) = postSolution
	EndGlobalSection
	GlobalSection(ExtensibilityAddIns) = postSolution
	EndGlobalSection
EndGlobal
